
Microsoft Visual Studio Solution File, Format Version 12.00
# Visual Studio Version 16
VisualStudioVersion = 16.0.31911.196
MinimumVisualStudioVersion = 10.0.40219.1
Project("{FAE04EC0-301F-11D3-BF4B-00C04F79EFBC}") = "ECommerceShop.PL", "ECommerceShop.PL\ECommerceShop.PL.csproj", "{3AAF05E7-EF8A-42E6-98DC-7A80660DC978}"
EndProject
Project("{FAE04EC0-301F-11D3-BF4B-00C04F79EFBC}") = "ECommerceShop.BL", "ECommerceShop.BL\ECommerceShop.BL.csproj", "{EBC63B2D-C72C-41AB-A7E0-3F34E72A53FB}"
EndProject
Project("{FAE04EC0-301F-11D3-BF4B-00C04F79EFBC}") = "ECommerceShop.DAL", "ECommerceShop.DAL\ECommerceShop.DAL.csproj", "{4F6A3247-B93F-4DB5-BDC0-00C0FFBF110E}"
EndProject
Global
	GlobalSection(SolutionConfigurationPlatforms) = preSolution
		Debug|Any CPU = Debug|Any CPU
		Release|Any CPU = Release|Any CPU
	EndGlobalSection
	GlobalSection(ProjectConfigurationPlatforms) = postSolution
		{3AAF05E7-EF8A-42E6-98DC-7A80660DC978}.Debug|Any CPU.ActiveCfg = Debug|Any CPU
		{3AAF05E7-EF8A-42E6-98DC-7A80660DC978}.Debug|Any CPU.Build.0 = Debug|Any CPU
		{3AAF05E7-EF8A-42E6-98DC-7A80660DC978}.Release|Any CPU.ActiveCfg = Release|Any CPU
		{3AAF05E7-EF8A-42E6-98DC-7A80660DC978}.Release|Any CPU.Build.0 = Release|Any CPU
		{EBC63B2D-C72C-41AB-A7E0-3F34E72A53FB}.Debug|Any CPU.ActiveCfg = Debug|Any CPU
		{EBC63B2D-C72C-41AB-A7E0-3F34E72A53FB}.Debug|Any CPU.Build.0 = Debug|Any CPU
		{EBC63B2D-C72C-41AB-A7E0-3F34E72A53FB}.Release|Any CPU.ActiveCfg = Release|Any CPU
		{EBC63B2D-C72C-41AB-A7E0-3F34E72A53FB}.Release|Any CPU.Build.0 = Release|Any CPU
		{4F6A3247-B93F-4DB5-BDC0-00C0FFBF110E}.Debug|Any CPU.ActiveCfg = Debug|Any CPU
		{4F6A3247-B93F-4DB5-BDC0-00C0FFBF110E}.Debug|Any CPU.Build.0 = Debug|Any CPU
		{4F6A3247-B93F-4DB5-BDC0-00C0FFBF110E}.Release|Any CPU.ActiveCfg = Release|Any CPU
		{4F6A3247-B93F-4DB5-BDC0-00C0FFBF110E}.Release|Any CPU.Build.0 = Release|Any CPU
	EndGlobalSection
	GlobalSection(SolutionProperties) = preSolution
		HideSolutionNode = FALSE
	EndGlobalSection
	GlobalSection(ExtensibilityGlobals) = postSolution
		SolutionGuid = {FA134E3C-89D5-44FE-A25A-5AB1E70F8844}
	EndGlobalSection
EndGlobal
